
Microsoft Visual Studio Solution File, Format Version 12.00
# Visual Studio Version 17
VisualStudioVersion = 17.3.32804.467
MinimumVisualStudioVersion = 10.0.40219.1
Project("{9A19103F-16F7-4668-BE54-9A1E7A4F7556}") = "by.Reba.Core", "Core\by.Reba.Core.csproj", "{6314A9F2-7513-449C-B959-B9F4EFFA3E70}"
EndProject
Project("{9A19103F-16F7-4668-BE54-9A1E7A4F7556}") = "by.Reba.DataBase", "by.Reba.DataBase\by.Reba.DataBase.csproj", "{53AC4203-6999-4669-965F-B8C03060215D}"
EndProject
Project("{9A19103F-16F7-4668-BE54-9A1E7A4F7556}") = "by.Reba.Application", "by.Reba.Application\by.Reba.Application.csproj", "{B07070A9-DA9A-4951-BD67-E60CA7133512}"
EndProject
Project("{9A19103F-16F7-4668-BE54-9A1E7A4F7556}") = "by.Reba.Business", "by.Reba.Business\by.Reba.Business.csproj", "{D291550D-561F-4A49-81F0-0993E656E9A6}"
EndProject
Project("{9A19103F-16F7-4668-BE54-9A1E7A4F7556}") = "by.Reba.Data.Repositories", "by.Reba.Data.Repositories\by.Reba.Data.Repositories.csproj", "{1660A909-D182-4034-80AD-7BA3E795D13C}"
EndProject
Project("{9A19103F-16F7-4668-BE54-9A1E7A4F7556}") = "by.Reba.Data.Abstractions", "by.Reba.Data.Abstractions\by.Reba.Data.Abstractions.csproj", "{20AE1BCC-FBA5-42D0-9C91-826378E8F7B8}"
EndProject
Global
	GlobalSection(SolutionConfigurationPlatforms) = preSolution
		Debug|Any CPU = Debug|Any CPU
		Release|Any CPU = Release|Any CPU
	EndGlobalSection
	GlobalSection(ProjectConfigurationPlatforms) = postSolution
		{6314A9F2-7513-449C-B959-B9F4EFFA3E70}.Debug|Any CPU.ActiveCfg = Debug|Any CPU
		{6314A9F2-7513-449C-B959-B9F4EFFA3E70}.Debug|Any CPU.Build.0 = Debug|Any CPU
		{6314A9F2-7513-449C-B959-B9F4EFFA3E70}.Release|Any CPU.ActiveCfg = Release|Any CPU
		{6314A9F2-7513-449C-B959-B9F4EFFA3E70}.Release|Any CPU.Build.0 = Release|Any CPU
		{53AC4203-6999-4669-965F-B8C03060215D}.Debug|Any CPU.ActiveCfg = Debug|Any CPU
		{53AC4203-6999-4669-965F-B8C03060215D}.Debug|Any CPU.Build.0 = Debug|Any CPU
		{53AC4203-6999-4669-965F-B8C03060215D}.Release|Any CPU.ActiveCfg = Release|Any CPU
		{53AC4203-6999-4669-965F-B8C03060215D}.Release|Any CPU.Build.0 = Release|Any CPU
		{B07070A9-DA9A-4951-BD67-E60CA7133512}.Debug|Any CPU.ActiveCfg = Debug|Any CPU
		{B07070A9-DA9A-4951-BD67-E60CA7133512}.Debug|Any CPU.Build.0 = Debug|Any CPU
		{B07070A9-DA9A-4951-BD67-E60CA7133512}.Release|Any CPU.ActiveCfg = Release|Any CPU
		{B07070A9-DA9A-4951-BD67-E60CA7133512}.Release|Any CPU.Build.0 = Release|Any CPU
		{D291550D-561F-4A49-81F0-0993E656E9A6}.Debug|Any CPU.ActiveCfg = Debug|Any CPU
		{D291550D-561F-4A49-81F0-0993E656E9A6}.Debug|Any CPU.Build.0 = Debug|Any CPU
		{D291550D-561F-4A49-81F0-0993E656E9A6}.Release|Any CPU.ActiveCfg = Release|Any CPU
		{D291550D-561F-4A49-81F0-0993E656E9A6}.Release|Any CPU.Build.0 = Release|Any CPU
		{1660A909-D182-4034-80AD-7BA3E795D13C}.Debug|Any CPU.ActiveCfg = Debug|Any CPU
		{1660A909-D182-4034-80AD-7BA3E795D13C}.Debug|Any CPU.Build.0 = Debug|Any CPU
		{1660A909-D182-4034-80AD-7BA3E795D13C}.Release|Any CPU.ActiveCfg = Release|Any CPU
		{1660A909-D182-4034-80AD-7BA3E795D13C}.Release|Any CPU.Build.0 = Release|Any CPU
		{20AE1BCC-FBA5-42D0-9C91-826378E8F7B8}.Debug|Any CPU.ActiveCfg = Debug|Any CPU
		{20AE1BCC-FBA5-42D0-9C91-826378E8F7B8}.Debug|Any CPU.Build.0 = Debug|Any CPU
		{20AE1BCC-FBA5-42D0-9C91-826378E8F7B8}.Release|Any CPU.ActiveCfg = Release|Any CPU
		{20AE1BCC-FBA5-42D0-9C91-826378E8F7B8}.Release|Any CPU.Build.0 = Release|Any CPU
	EndGlobalSection
	GlobalSection(SolutionProperties) = preSolution
		HideSolutionNode = FALSE
	EndGlobalSection
	GlobalSection(ExtensibilityGlobals) = postSolution
		SolutionGuid = {6A65182F-BA61-4A3B-9EEB-8FDEAA274B00}
	EndGlobalSection
EndGlobal
